
Microsoft Visual Studio Solution File, Format Version 12.00
# Visual Studio Version 16
VisualStudioVersion = 25.0.1705.0
MinimumVisualStudioVersion = 10.0.40219.1
Project("{FAE04EC0-301F-11D3-BF4B-00C04F79EFBC}") = "Project Management", "Project Management\Project Management.csproj", "{43237BFE-C7F3-4368-AC14-E21E331F0FFB}"
EndProject
Global
	GlobalSection(SolutionConfigurationPlatforms) = preSolution
		Debug|Any CPU = Debug|Any CPU
		Release|Any CPU = Release|Any CPU
	EndGlobalSection
	GlobalSection(ProjectConfigurationPlatforms) = postSolution
		{43237BFE-C7F3-4368-AC14-E21E331F0FFB}.Debug|Any CPU.ActiveCfg = Debug|Any CPU
		{43237BFE-C7F3-4368-AC14-E21E331F0FFB}.Debug|Any CPU.Build.0 = Debug|Any CPU
		{43237BFE-C7F3-4368-AC14-E21E331F0FFB}.Release|Any CPU.ActiveCfg = Release|Any CPU
		{43237BFE-C7F3-4368-AC14-E21E331F0FFB}.Release|Any CPU.Build.0 = Release|Any CPU
	EndGlobalSection
	GlobalSection(SolutionProperties) = preSolution
		HideSolutionNode = FALSE
	EndGlobalSection
	GlobalSection(ExtensibilityGlobals) = postSolution
		SolutionGuid = {84933EE2-066F-401D-A64D-88EC98D0DF07}
	EndGlobalSection
EndGlobal
